
Microsoft Visual Studio Solution File, Format Version 12.00
# Visual Studio Version 16
VisualStudioVersion = 16.0.29613.14
MinimumVisualStudioVersion = 10.0.40219.1
Project("{FAE04EC0-301F-11D3-BF4B-00C04F79EFBC}") = "Hangfire-test", "Hangfire-test\Hangfire-test.csproj", "{65DB804E-6C75-451D-B2D8-3ABCAA76B1BF}"
EndProject
Global
	GlobalSection(SolutionConfigurationPlatforms) = preSolution
		Debug|Any CPU = Debug|Any CPU
		Release|Any CPU = Release|Any CPU
	EndGlobalSection
	GlobalSection(ProjectConfigurationPlatforms) = postSolution
		{65DB804E-6C75-451D-B2D8-3ABCAA76B1BF}.Debug|Any CPU.ActiveCfg = Debug|Any CPU
		{65DB804E-6C75-451D-B2D8-3ABCAA76B1BF}.Debug|Any CPU.Build.0 = Debug|Any CPU
		{65DB804E-6C75-451D-B2D8-3ABCAA76B1BF}.Release|Any CPU.ActiveCfg = Release|Any CPU
		{65DB804E-6C75-451D-B2D8-3ABCAA76B1BF}.Release|Any CPU.Build.0 = Release|Any CPU
	EndGlobalSection
	GlobalSection(SolutionProperties) = preSolution
		HideSolutionNode = FALSE
	EndGlobalSection
	GlobalSection(ExtensibilityGlobals) = postSolution
		SolutionGuid = {7BE9F459-13F5-4216-BECE-387D3060A8D3}
	EndGlobalSection
EndGlobal
